
Microsoft Visual Studio Solution File, Format Version 12.00
# Visual Studio Version 17
VisualStudioVersion = 17.10.35013.160
MinimumVisualStudioVersion = 10.0.40219.1
Project("{FAE04EC0-301F-11D3-BF4B-00C04F79EFBC}") = "Game_1", "Game_1\Game_1.csproj", "{5A37F952-9802-43C9-A7D7-FF47C7DD726E}"
EndProject
Global
	GlobalSection(SolutionConfigurationPlatforms) = preSolution
		Debug|Any CPU = Debug|Any CPU
		Release|Any CPU = Release|Any CPU
	EndGlobalSection
	GlobalSection(ProjectConfigurationPlatforms) = postSolution
		{5A37F952-9802-43C9-A7D7-FF47C7DD726E}.Debug|Any CPU.ActiveCfg = Debug|Any CPU
		{5A37F952-9802-43C9-A7D7-FF47C7DD726E}.Debug|Any CPU.Build.0 = Debug|Any CPU
		{5A37F952-9802-43C9-A7D7-FF47C7DD726E}.Release|Any CPU.ActiveCfg = Release|Any CPU
		{5A37F952-9802-43C9-A7D7-FF47C7DD726E}.Release|Any CPU.Build.0 = Release|Any CPU
	EndGlobalSection
	GlobalSection(SolutionProperties) = preSolution
		HideSolutionNode = FALSE
	EndGlobalSection
	GlobalSection(ExtensibilityGlobals) = postSolution
		SolutionGuid = {4ADCE438-7280-4ADB-B075-16C085EEFDF4}
	EndGlobalSection
EndGlobal
